
Microsoft Visual Studio Solution File, Format Version 12.00
# Visual Studio Version 17
VisualStudioVersion = 17.9.34723.18
MinimumVisualStudioVersion = 10.0.40219.1
Project("{FAE04EC0-301F-11D3-BF4B-00C04F79EFBC}") = "Test_generator", "Test_generator\Test_generator.csproj", "{B82FD0BA-BEE2-4A80-AEEF-7C2D13B7B090}"
EndProject
Project("{FAE04EC0-301F-11D3-BF4B-00C04F79EFBC}") = "Data", "Data\Data.csproj", "{9990E0A9-861A-4572-ADEA-BE181F6DE802}"
EndProject
Project("{FAE04EC0-301F-11D3-BF4B-00C04F79EFBC}") = "Domain", "Domain\Domain.csproj", "{C1F127BD-1218-4BA7-B03F-798C475ABF5C}"
EndProject
Project("{FAE04EC0-301F-11D3-BF4B-00C04F79EFBC}") = "Application", "Application\Application.csproj", "{886B9E51-17F5-49CE-B5DC-771FF3EF07B6}"
EndProject
Global
	GlobalSection(SolutionConfigurationPlatforms) = preSolution
		Debug|Any CPU = Debug|Any CPU
		Release|Any CPU = Release|Any CPU
	EndGlobalSection
	GlobalSection(ProjectConfigurationPlatforms) = postSolution
		{B82FD0BA-BEE2-4A80-AEEF-7C2D13B7B090}.Debug|Any CPU.ActiveCfg = Debug|Any CPU
		{B82FD0BA-BEE2-4A80-AEEF-7C2D13B7B090}.Debug|Any CPU.Build.0 = Debug|Any CPU
		{B82FD0BA-BEE2-4A80-AEEF-7C2D13B7B090}.Release|Any CPU.ActiveCfg = Release|Any CPU
		{B82FD0BA-BEE2-4A80-AEEF-7C2D13B7B090}.Release|Any CPU.Build.0 = Release|Any CPU
		{9990E0A9-861A-4572-ADEA-BE181F6DE802}.Debug|Any CPU.ActiveCfg = Debug|Any CPU
		{9990E0A9-861A-4572-ADEA-BE181F6DE802}.Debug|Any CPU.Build.0 = Debug|Any CPU
		{9990E0A9-861A-4572-ADEA-BE181F6DE802}.Release|Any CPU.ActiveCfg = Release|Any CPU
		{9990E0A9-861A-4572-ADEA-BE181F6DE802}.Release|Any CPU.Build.0 = Release|Any CPU
		{C1F127BD-1218-4BA7-B03F-798C475ABF5C}.Debug|Any CPU.ActiveCfg = Debug|Any CPU
		{C1F127BD-1218-4BA7-B03F-798C475ABF5C}.Debug|Any CPU.Build.0 = Debug|Any CPU
		{C1F127BD-1218-4BA7-B03F-798C475ABF5C}.Release|Any CPU.ActiveCfg = Release|Any CPU
		{C1F127BD-1218-4BA7-B03F-798C475ABF5C}.Release|Any CPU.Build.0 = Release|Any CPU
		{886B9E51-17F5-49CE-B5DC-771FF3EF07B6}.Debug|Any CPU.ActiveCfg = Debug|Any CPU
		{886B9E51-17F5-49CE-B5DC-771FF3EF07B6}.Debug|Any CPU.Build.0 = Debug|Any CPU
		{886B9E51-17F5-49CE-B5DC-771FF3EF07B6}.Release|Any CPU.ActiveCfg = Release|Any CPU
		{886B9E51-17F5-49CE-B5DC-771FF3EF07B6}.Release|Any CPU.Build.0 = Release|Any CPU
	EndGlobalSection
	GlobalSection(SolutionProperties) = preSolution
		HideSolutionNode = FALSE
	EndGlobalSection
	GlobalSection(ExtensibilityGlobals) = postSolution
		SolutionGuid = {6D34B530-3B2C-43A8-AAA4-80158809A304}
	EndGlobalSection
EndGlobal
